
Microsoft Visual Studio Solution File, Format Version 12.00
# Visual Studio Version 17
VisualStudioVersion = 17.13.35931.197 d17.13
MinimumVisualStudioVersion = 10.0.40219.1
Project("{FAE04EC0-301F-11D3-BF4B-00C04F79EFBC}") = "Expense Tracker", "Expense Tracker\Expense Tracker.csproj", "{460C0B3A-F056-4A7F-87C2-03D0BE194630}"
EndProject
Global
	GlobalSection(SolutionConfigurationPlatforms) = preSolution
		Debug|Any CPU = Debug|Any CPU
		Release|Any CPU = Release|Any CPU
	EndGlobalSection
	GlobalSection(ProjectConfigurationPlatforms) = postSolution
		{460C0B3A-F056-4A7F-87C2-03D0BE194630}.Debug|Any CPU.ActiveCfg = Debug|Any CPU
		{460C0B3A-F056-4A7F-87C2-03D0BE194630}.Debug|Any CPU.Build.0 = Debug|Any CPU
		{460C0B3A-F056-4A7F-87C2-03D0BE194630}.Release|Any CPU.ActiveCfg = Release|Any CPU
		{460C0B3A-F056-4A7F-87C2-03D0BE194630}.Release|Any CPU.Build.0 = Release|Any CPU
	EndGlobalSection
	GlobalSection(SolutionProperties) = preSolution
		HideSolutionNode = FALSE
	EndGlobalSection
	GlobalSection(ExtensibilityGlobals) = postSolution
		SolutionGuid = {B50FB591-BC8E-43D8-B06D-96869400C5AC}
	EndGlobalSection
EndGlobal
